{
  "name": "my-lib",
  "version": "0.0.1",
  "lockfileVersion": 2,
  "requires": true,
  "packages": {
    "": {
      "name": "my-lib",
      "version": "0.0.1",
      "license": "MIT",
      "dependencies": {
        "@stencil/core": "file:../stencil-core-2.20.0.tgz"
      }
    },
    "node_modules/@stencil/core": {
      "version": "2.20.0",
      "resolved": "file:../stencil-core-2.20.0.tgz",
      "integrity": "sha512-7GQivfiOlZrF7copt/1vILfw1jiFVYW9JfHIs1qh1RSHw0VlpepszGtTOqtcszhDUu6OQBklbDqbXIdRQKwTnQ==",
      "license": "MIT",
      "bin": {
        "stencil": "bin/stencil"
      },
      "engines": {
        "node": ">=12.10.0",
        "npm": ">=6.0.0"
      }
    }
  },
  "dependencies": {
    "@stencil/core": {
      "version": "file:../stencil-core-2.20.0.tgz",
      "integrity": "sha512-7GQivfiOlZrF7copt/1vILfw1jiFVYW9JfHIs1qh1RSHw0VlpepszGtTOqtcszhDUu6OQBklbDqbXIdRQKwTnQ=="
    }
  }
}
