{
  "name": "my-lib",
  "version": "0.0.1",
  "lockfileVersion": 2,
  "requires": true,
  "packages": {
    "": {
      "name": "my-lib",
      "version": "0.0.1",
      "license": "MIT",
      "dependencies": {
        "@stencil/core": "file:../stencil-core-2.19.3.tgz"
      }
    },
    "node_modules/@stencil/core": {
      "version": "2.19.3",
      "resolved": "file:../stencil-core-2.19.3.tgz",
      "integrity": "sha512-bYFu2klUVbbaEjoqu3ZaBdGpX13grliaG0/skZamh8FC+PRRCbHXAgtykIzRkBUKCVg1k2+gSjpXpY+XH2fPTg==",
      "license": "MIT",
      "bin": {
        "stencil": "bin/stencil"
      },
      "engines": {
        "node": ">=12.10.0",
        "npm": ">=6.0.0"
      }
    }
  },
  "dependencies": {
    "@stencil/core": {
      "version": "file:../stencil-core-2.19.3.tgz",
      "integrity": "sha512-bYFu2klUVbbaEjoqu3ZaBdGpX13grliaG0/skZamh8FC+PRRCbHXAgtykIzRkBUKCVg1k2+gSjpXpY+XH2fPTg=="
    }
  }
}
